
Microsoft Visual Studio Solution File, Format Version 12.00
# Visual Studio Version 16
VisualStudioVersion = 16.0.32126.315
MinimumVisualStudioVersion = 10.0.40219.1
Project("{8BC9CEB8-8B4A-11D0-8D11-00A0C91BC942}") = "windows_capture_test", "windows_capture_test.vcxproj", "{1F8339F3-6D3C-4448-9E03-8B2774ECE2E8}"
	ProjectSection(ProjectDependencies) = postProject
		{5DAF2744-064E-3C66-A13C-622C1D7492AC} = {5DAF2744-064E-3C66-A13C-622C1D7492AC}
	EndProjectSection
EndProject
Project("{8BC9CEB8-8B4A-11D0-8D11-00A0C91BC942}") = "yuv", "3rd\libyuv\build\yuv.vcxproj", "{5DAF2744-064E-3C66-A13C-622C1D7492AC}"
EndProject
Project("{8BC9CEB8-8B4A-11D0-8D11-00A0C91BC942}") = "turbojpeg-static", "3rd\libjpeg-turbo-2.1.3\build\turbojpeg-static.vcxproj", "{254BB592-5918-3A8C-976F-9651D6E36A87}"
EndProject
Project("{8BC9CEB8-8B4A-11D0-8D11-00A0C91BC942}") = "libx264", "3rd\x264-2020\SMP\libx264.vcxproj", "{20179127-853B-4FE9-B7C0-9E817E6A3A72}"
EndProject
Global
	GlobalSection(SolutionConfigurationPlatforms) = preSolution
		Debug_10b|x64 = Debug_10b|x64
		Debug_10b|x86 = Debug_10b|x86
		Debug|x64 = Debug|x64
		Debug|x86 = Debug|x86
		DebugDLL|x64 = DebugDLL|x64
		DebugDLL|x86 = DebugDLL|x86
		DebugDLLWinRT|x64 = DebugDLLWinRT|x64
		DebugDLLWinRT|x86 = DebugDLLWinRT|x86
		DebugWinRT|x64 = DebugWinRT|x64
		DebugWinRT|x86 = DebugWinRT|x86
		MinSizeRel|x64 = MinSizeRel|x64
		MinSizeRel|x86 = MinSizeRel|x86
		Release_10b|x64 = Release_10b|x64
		Release_10b|x86 = Release_10b|x86
		Release|x64 = Release|x64
		Release|x86 = Release|x86
		ReleaseDLL|x64 = ReleaseDLL|x64
		ReleaseDLL|x86 = ReleaseDLL|x86
		ReleaseDLLWinRT|x64 = ReleaseDLLWinRT|x64
		ReleaseDLLWinRT|x86 = ReleaseDLLWinRT|x86
		ReleaseWinRT|x64 = ReleaseWinRT|x64
		ReleaseWinRT|x86 = ReleaseWinRT|x86
		RelWithDebInfo|x64 = RelWithDebInfo|x64
		RelWithDebInfo|x86 = RelWithDebInfo|x86
	EndGlobalSection
	GlobalSection(ProjectConfigurationPlatforms) = postSolution
		{1F8339F3-6D3C-4448-9E03-8B2774ECE2E8}.Debug_10b|x64.ActiveCfg = Debug|x64
		{1F8339F3-6D3C-4448-9E03-8B2774ECE2E8}.Debug_10b|x64.Build.0 = Debug|x64
		{1F8339F3-6D3C-4448-9E03-8B2774ECE2E8}.Debug_10b|x86.ActiveCfg = Debug|Win32
		{1F8339F3-6D3C-4448-9E03-8B2774ECE2E8}.Debug_10b|x86.Build.0 = Debug|Win32
		{1F8339F3-6D3C-4448-9E03-8B2774ECE2E8}.Debug|x64.ActiveCfg = Debug|x64
		{1F8339F3-6D3C-4448-9E03-8B2774ECE2E8}.Debug|x64.Build.0 = Debug|x64
		{1F8339F3-6D3C-4448-9E03-8B2774ECE2E8}.Debug|x86.ActiveCfg = Debug|Win32
		{1F8339F3-6D3C-4448-9E03-8B2774ECE2E8}.Debug|x86.Build.0 = Debug|Win32
		{1F8339F3-6D3C-4448-9E03-8B2774ECE2E8}.DebugDLL|x64.ActiveCfg = Debug|x64
		{1F8339F3-6D3C-4448-9E03-8B2774ECE2E8}.DebugDLL|x64.Build.0 = Debug|x64
		{1F8339F3-6D3C-4448-9E03-8B2774ECE2E8}.DebugDLL|x86.ActiveCfg = Debug|Win32
		{1F8339F3-6D3C-4448-9E03-8B2774ECE2E8}.DebugDLL|x86.Build.0 = Debug|Win32
		{1F8339F3-6D3C-4448-9E03-8B2774ECE2E8}.DebugDLLWinRT|x64.ActiveCfg = Debug|x64
		{1F8339F3-6D3C-4448-9E03-8B2774ECE2E8}.DebugDLLWinRT|x64.Build.0 = Debug|x64
		{1F8339F3-6D3C-4448-9E03-8B2774ECE2E8}.DebugDLLWinRT|x86.ActiveCfg = Debug|Win32
		{1F8339F3-6D3C-4448-9E03-8B2774ECE2E8}.DebugDLLWinRT|x86.Build.0 = Debug|Win32
		{1F8339F3-6D3C-4448-9E03-8B2774ECE2E8}.DebugWinRT|x64.ActiveCfg = Debug|x64
		{1F8339F3-6D3C-4448-9E03-8B2774ECE2E8}.DebugWinRT|x64.Build.0 = Debug|x64
		{1F8339F3-6D3C-4448-9E03-8B2774ECE2E8}.DebugWinRT|x86.ActiveCfg = Debug|Win32
		{1F8339F3-6D3C-4448-9E03-8B2774ECE2E8}.DebugWinRT|x86.Build.0 = Debug|Win32
		{1F8339F3-6D3C-4448-9E03-8B2774ECE2E8}.MinSizeRel|x64.ActiveCfg = Release|x64
		{1F8339F3-6D3C-4448-9E03-8B2774ECE2E8}.MinSizeRel|x64.Build.0 = Release|x64
		{1F8339F3-6D3C-4448-9E03-8B2774ECE2E8}.MinSizeRel|x86.ActiveCfg = Release|Win32
		{1F8339F3-6D3C-4448-9E03-8B2774ECE2E8}.MinSizeRel|x86.Build.0 = Release|Win32
		{1F8339F3-6D3C-4448-9E03-8B2774ECE2E8}.Release_10b|x64.ActiveCfg = Release|x64
		{1F8339F3-6D3C-4448-9E03-8B2774ECE2E8}.Release_10b|x64.Build.0 = Release|x64
		{1F8339F3-6D3C-4448-9E03-8B2774ECE2E8}.Release_10b|x86.ActiveCfg = Release|Win32
		{1F8339F3-6D3C-4448-9E03-8B2774ECE2E8}.Release_10b|x86.Build.0 = Release|Win32
		{1F8339F3-6D3C-4448-9E03-8B2774ECE2E8}.Release|x64.ActiveCfg = Release|x64
		{1F8339F3-6D3C-4448-9E03-8B2774ECE2E8}.Release|x64.Build.0 = Release|x64
		{1F8339F3-6D3C-4448-9E03-8B2774ECE2E8}.Release|x86.ActiveCfg = Release|Win32
		{1F8339F3-6D3C-4448-9E03-8B2774ECE2E8}.Release|x86.Build.0 = Release|Win32
		{1F8339F3-6D3C-4448-9E03-8B2774ECE2E8}.ReleaseDLL|x64.ActiveCfg = Release|x64
		{1F8339F3-6D3C-4448-9E03-8B2774ECE2E8}.ReleaseDLL|x64.Build.0 = Release|x64
		{1F8339F3-6D3C-4448-9E03-8B2774ECE2E8}.ReleaseDLL|x86.ActiveCfg = Release|Win32
		{1F8339F3-6D3C-4448-9E03-8B2774ECE2E8}.ReleaseDLL|x86.Build.0 = Release|Win32
		{1F8339F3-6D3C-4448-9E03-8B2774ECE2E8}.ReleaseDLLWinRT|x64.ActiveCfg = Release|x64
		{1F8339F3-6D3C-4448-9E03-8B2774ECE2E8}.ReleaseDLLWinRT|x64.Build.0 = Release|x64
		{1F8339F3-6D3C-4448-9E03-8B2774ECE2E8}.ReleaseDLLWinRT|x86.ActiveCfg = Release|Win32
		{1F8339F3-6D3C-4448-9E03-8B2774ECE2E8}.ReleaseDLLWinRT|x86.Build.0 = Release|Win32
		{1F8339F3-6D3C-4448-9E03-8B2774ECE2E8}.ReleaseWinRT|x64.ActiveCfg = Release|x64
		{1F8339F3-6D3C-4448-9E03-8B2774ECE2E8}.ReleaseWinRT|x64.Build.0 = Release|x64
		{1F8339F3-6D3C-4448-9E03-8B2774ECE2E8}.ReleaseWinRT|x86.ActiveCfg = Release|Win32
		{1F8339F3-6D3C-4448-9E03-8B2774ECE2E8}.ReleaseWinRT|x86.Build.0 = Release|Win32
		{1F8339F3-6D3C-4448-9E03-8B2774ECE2E8}.RelWithDebInfo|x64.ActiveCfg = Release|x64
		{1F8339F3-6D3C-4448-9E03-8B2774ECE2E8}.RelWithDebInfo|x64.Build.0 = Release|x64
		{1F8339F3-6D3C-4448-9E03-8B2774ECE2E8}.RelWithDebInfo|x86.ActiveCfg = Release|Win32
		{1F8339F3-6D3C-4448-9E03-8B2774ECE2E8}.RelWithDebInfo|x86.Build.0 = Release|Win32
		{5DAF2744-064E-3C66-A13C-622C1D7492AC}.Debug_10b|x64.ActiveCfg = Debug|x64
		{5DAF2744-064E-3C66-A13C-622C1D7492AC}.Debug_10b|x64.Build.0 = Debug|x64
		{5DAF2744-064E-3C66-A13C-622C1D7492AC}.Debug_10b|x86.ActiveCfg = RelWithDebInfo|x64
		{5DAF2744-064E-3C66-A13C-622C1D7492AC}.Debug_10b|x86.Build.0 = RelWithDebInfo|x64
		{5DAF2744-064E-3C66-A13C-622C1D7492AC}.Debug|x64.ActiveCfg = Debug|x64
		{5DAF2744-064E-3C66-A13C-622C1D7492AC}.Debug|x64.Build.0 = Debug|x64
		{5DAF2744-064E-3C66-A13C-622C1D7492AC}.Debug|x86.ActiveCfg = Debug|x64
		{5DAF2744-064E-3C66-A13C-622C1D7492AC}.DebugDLL|x64.ActiveCfg = Debug|x64
		{5DAF2744-064E-3C66-A13C-622C1D7492AC}.DebugDLL|x64.Build.0 = Debug|x64
		{5DAF2744-064E-3C66-A13C-622C1D7492AC}.DebugDLL|x86.ActiveCfg = RelWithDebInfo|x64
		{5DAF2744-064E-3C66-A13C-622C1D7492AC}.DebugDLL|x86.Build.0 = RelWithDebInfo|x64
		{5DAF2744-064E-3C66-A13C-622C1D7492AC}.DebugDLLWinRT|x64.ActiveCfg = Debug|x64
		{5DAF2744-064E-3C66-A13C-622C1D7492AC}.DebugDLLWinRT|x64.Build.0 = Debug|x64
		{5DAF2744-064E-3C66-A13C-622C1D7492AC}.DebugDLLWinRT|x86.ActiveCfg = RelWithDebInfo|x64
		{5DAF2744-064E-3C66-A13C-622C1D7492AC}.DebugDLLWinRT|x86.Build.0 = RelWithDebInfo|x64
		{5DAF2744-064E-3C66-A13C-622C1D7492AC}.DebugWinRT|x64.ActiveCfg = Debug|x64
		{5DAF2744-064E-3C66-A13C-622C1D7492AC}.DebugWinRT|x64.Build.0 = Debug|x64
		{5DAF2744-064E-3C66-A13C-622C1D7492AC}.DebugWinRT|x86.ActiveCfg = RelWithDebInfo|x64
		{5DAF2744-064E-3C66-A13C-622C1D7492AC}.DebugWinRT|x86.Build.0 = RelWithDebInfo|x64
		{5DAF2744-064E-3C66-A13C-622C1D7492AC}.MinSizeRel|x64.ActiveCfg = MinSizeRel|x64
		{5DAF2744-064E-3C66-A13C-622C1D7492AC}.MinSizeRel|x64.Build.0 = MinSizeRel|x64
		{5DAF2744-064E-3C66-A13C-622C1D7492AC}.MinSizeRel|x86.ActiveCfg = MinSizeRel|x64
		{5DAF2744-064E-3C66-A13C-622C1D7492AC}.Release_10b|x64.ActiveCfg = Release|x64
		{5DAF2744-064E-3C66-A13C-622C1D7492AC}.Release_10b|x64.Build.0 = Release|x64
		{5DAF2744-064E-3C66-A13C-622C1D7492AC}.Release_10b|x86.ActiveCfg = RelWithDebInfo|x64
		{5DAF2744-064E-3C66-A13C-622C1D7492AC}.Release_10b|x86.Build.0 = RelWithDebInfo|x64
		{5DAF2744-064E-3C66-A13C-622C1D7492AC}.Release|x64.ActiveCfg = Release|x64
		{5DAF2744-064E-3C66-A13C-622C1D7492AC}.Release|x64.Build.0 = Release|x64
		{5DAF2744-064E-3C66-A13C-622C1D7492AC}.Release|x86.ActiveCfg = Release|x64
		{5DAF2744-064E-3C66-A13C-622C1D7492AC}.ReleaseDLL|x64.ActiveCfg = Release|x64
		{5DAF2744-064E-3C66-A13C-622C1D7492AC}.ReleaseDLL|x64.Build.0 = Release|x64
		{5DAF2744-064E-3C66-A13C-622C1D7492AC}.ReleaseDLL|x86.ActiveCfg = RelWithDebInfo|x64
		{5DAF2744-064E-3C66-A13C-622C1D7492AC}.ReleaseDLL|x86.Build.0 = RelWithDebInfo|x64
		{5DAF2744-064E-3C66-A13C-622C1D7492AC}.ReleaseDLLWinRT|x64.ActiveCfg = Release|x64
		{5DAF2744-064E-3C66-A13C-622C1D7492AC}.ReleaseDLLWinRT|x64.Build.0 = Release|x64
		{5DAF2744-064E-3C66-A13C-622C1D7492AC}.ReleaseDLLWinRT|x86.ActiveCfg = RelWithDebInfo|x64
		{5DAF2744-064E-3C66-A13C-622C1D7492AC}.ReleaseDLLWinRT|x86.Build.0 = RelWithDebInfo|x64
		{5DAF2744-064E-3C66-A13C-622C1D7492AC}.ReleaseWinRT|x64.ActiveCfg = Release|x64
		{5DAF2744-064E-3C66-A13C-622C1D7492AC}.ReleaseWinRT|x64.Build.0 = Release|x64
		{5DAF2744-064E-3C66-A13C-622C1D7492AC}.ReleaseWinRT|x86.ActiveCfg = RelWithDebInfo|x64
		{5DAF2744-064E-3C66-A13C-622C1D7492AC}.ReleaseWinRT|x86.Build.0 = RelWithDebInfo|x64
		{5DAF2744-064E-3C66-A13C-622C1D7492AC}.RelWithDebInfo|x64.ActiveCfg = RelWithDebInfo|x64
		{5DAF2744-064E-3C66-A13C-622C1D7492AC}.RelWithDebInfo|x64.Build.0 = RelWithDebInfo|x64
		{5DAF2744-064E-3C66-A13C-622C1D7492AC}.RelWithDebInfo|x86.ActiveCfg = RelWithDebInfo|x64
		{254BB592-5918-3A8C-976F-9651D6E36A87}.Debug_10b|x64.ActiveCfg = Debug|x64
		{254BB592-5918-3A8C-976F-9651D6E36A87}.Debug_10b|x64.Build.0 = Debug|x64
		{254BB592-5918-3A8C-976F-9651D6E36A87}.Debug_10b|x86.ActiveCfg = RelWithDebInfo|x64
		{254BB592-5918-3A8C-976F-9651D6E36A87}.Debug_10b|x86.Build.0 = RelWithDebInfo|x64
		{254BB592-5918-3A8C-976F-9651D6E36A87}.Debug|x64.ActiveCfg = Debug|x64
		{254BB592-5918-3A8C-976F-9651D6E36A87}.Debug|x64.Build.0 = Debug|x64
		{254BB592-5918-3A8C-976F-9651D6E36A87}.Debug|x86.ActiveCfg = Debug|x64
		{254BB592-5918-3A8C-976F-9651D6E36A87}.DebugDLL|x64.ActiveCfg = Debug|x64
		{254BB592-5918-3A8C-976F-9651D6E36A87}.DebugDLL|x64.Build.0 = Debug|x64
		{254BB592-5918-3A8C-976F-9651D6E36A87}.DebugDLL|x86.ActiveCfg = RelWithDebInfo|x64
		{254BB592-5918-3A8C-976F-9651D6E36A87}.DebugDLL|x86.Build.0 = RelWithDebInfo|x64
		{254BB592-5918-3A8C-976F-9651D6E36A87}.DebugDLLWinRT|x64.ActiveCfg = Debug|x64
		{254BB592-5918-3A8C-976F-9651D6E36A87}.DebugDLLWinRT|x64.Build.0 = Debug|x64
		{254BB592-5918-3A8C-976F-9651D6E36A87}.DebugDLLWinRT|x86.ActiveCfg = RelWithDebInfo|x64
		{254BB592-5918-3A8C-976F-9651D6E36A87}.DebugDLLWinRT|x86.Build.0 = RelWithDebInfo|x64
		{254BB592-5918-3A8C-976F-9651D6E36A87}.DebugWinRT|x64.ActiveCfg = Debug|x64
		{254BB592-5918-3A8C-976F-9651D6E36A87}.DebugWinRT|x64.Build.0 = Debug|x64
		{254BB592-5918-3A8C-976F-9651D6E36A87}.DebugWinRT|x86.ActiveCfg = RelWithDebInfo|x64
		{254BB592-5918-3A8C-976F-9651D6E36A87}.DebugWinRT|x86.Build.0 = RelWithDebInfo|x64
		{254BB592-5918-3A8C-976F-9651D6E36A87}.MinSizeRel|x64.ActiveCfg = MinSizeRel|x64
		{254BB592-5918-3A8C-976F-9651D6E36A87}.MinSizeRel|x64.Build.0 = MinSizeRel|x64
		{254BB592-5918-3A8C-976F-9651D6E36A87}.MinSizeRel|x86.ActiveCfg = MinSizeRel|x64
		{254BB592-5918-3A8C-976F-9651D6E36A87}.Release_10b|x64.ActiveCfg = Release|x64
		{254BB592-5918-3A8C-976F-9651D6E36A87}.Release_10b|x64.Build.0 = Release|x64
		{254BB592-5918-3A8C-976F-9651D6E36A87}.Release_10b|x86.ActiveCfg = RelWithDebInfo|x64
		{254BB592-5918-3A8C-976F-9651D6E36A87}.Release_10b|x86.Build.0 = RelWithDebInfo|x64
		{254BB592-5918-3A8C-976F-9651D6E36A87}.Release|x64.ActiveCfg = Release|x64
		{254BB592-5918-3A8C-976F-9651D6E36A87}.Release|x64.Build.0 = Release|x64
		{254BB592-5918-3A8C-976F-9651D6E36A87}.Release|x86.ActiveCfg = Release|x64
		{254BB592-5918-3A8C-976F-9651D6E36A87}.ReleaseDLL|x64.ActiveCfg = Release|x64
		{254BB592-5918-3A8C-976F-9651D6E36A87}.ReleaseDLL|x64.Build.0 = Release|x64
		{254BB592-5918-3A8C-976F-9651D6E36A87}.ReleaseDLL|x86.ActiveCfg = RelWithDebInfo|x64
		{254BB592-5918-3A8C-976F-9651D6E36A87}.ReleaseDLL|x86.Build.0 = RelWithDebInfo|x64
		{254BB592-5918-3A8C-976F-9651D6E36A87}.ReleaseDLLWinRT|x64.ActiveCfg = Release|x64
		{254BB592-5918-3A8C-976F-9651D6E36A87}.ReleaseDLLWinRT|x64.Build.0 = Release|x64
		{254BB592-5918-3A8C-976F-9651D6E36A87}.ReleaseDLLWinRT|x86.ActiveCfg = RelWithDebInfo|x64
		{254BB592-5918-3A8C-976F-9651D6E36A87}.ReleaseDLLWinRT|x86.Build.0 = RelWithDebInfo|x64
		{254BB592-5918-3A8C-976F-9651D6E36A87}.ReleaseWinRT|x64.ActiveCfg = Release|x64
		{254BB592-5918-3A8C-976F-9651D6E36A87}.ReleaseWinRT|x64.Build.0 = Release|x64
		{254BB592-5918-3A8C-976F-9651D6E36A87}.ReleaseWinRT|x86.ActiveCfg = RelWithDebInfo|x64
		{254BB592-5918-3A8C-976F-9651D6E36A87}.ReleaseWinRT|x86.Build.0 = RelWithDebInfo|x64
		{254BB592-5918-3A8C-976F-9651D6E36A87}.RelWithDebInfo|x64.ActiveCfg = RelWithDebInfo|x64
		{254BB592-5918-3A8C-976F-9651D6E36A87}.RelWithDebInfo|x64.Build.0 = RelWithDebInfo|x64
		{254BB592-5918-3A8C-976F-9651D6E36A87}.RelWithDebInfo|x86.ActiveCfg = RelWithDebInfo|x64
		{20179127-853B-4FE9-B7C0-9E817E6A3A72}.Debug_10b|x64.ActiveCfg = Debug_10b|x64
		{20179127-853B-4FE9-B7C0-9E817E6A3A72}.Debug_10b|x64.Build.0 = Debug_10b|x64
		{20179127-853B-4FE9-B7C0-9E817E6A3A72}.Debug_10b|x86.ActiveCfg = Debug_10b|Win32
		{20179127-853B-4FE9-B7C0-9E817E6A3A72}.Debug_10b|x86.Build.0 = Debug_10b|Win32
		{20179127-853B-4FE9-B7C0-9E817E6A3A72}.Debug|x64.ActiveCfg = Debug|x64
		{20179127-853B-4FE9-B7C0-9E817E6A3A72}.Debug|x64.Build.0 = Debug|x64
		{20179127-853B-4FE9-B7C0-9E817E6A3A72}.Debug|x86.ActiveCfg = Debug|Win32
		{20179127-853B-4FE9-B7C0-9E817E6A3A72}.Debug|x86.Build.0 = Debug|Win32
		{20179127-853B-4FE9-B7C0-9E817E6A3A72}.DebugDLL|x64.ActiveCfg = DebugDLL|x64
		{20179127-853B-4FE9-B7C0-9E817E6A3A72}.DebugDLL|x64.Build.0 = DebugDLL|x64
		{20179127-853B-4FE9-B7C0-9E817E6A3A72}.DebugDLL|x86.ActiveCfg = DebugDLL|Win32
		{20179127-853B-4FE9-B7C0-9E817E6A3A72}.DebugDLL|x86.Build.0 = DebugDLL|Win32
		{20179127-853B-4FE9-B7C0-9E817E6A3A72}.DebugDLLWinRT|x64.ActiveCfg = DebugDLLWinRT|x64
		{20179127-853B-4FE9-B7C0-9E817E6A3A72}.DebugDLLWinRT|x64.Build.0 = DebugDLLWinRT|x64
		{20179127-853B-4FE9-B7C0-9E817E6A3A72}.DebugDLLWinRT|x86.ActiveCfg = DebugDLLWinRT|Win32
		{20179127-853B-4FE9-B7C0-9E817E6A3A72}.DebugDLLWinRT|x86.Build.0 = DebugDLLWinRT|Win32
		{20179127-853B-4FE9-B7C0-9E817E6A3A72}.DebugWinRT|x64.ActiveCfg = DebugWinRT|x64
		{20179127-853B-4FE9-B7C0-9E817E6A3A72}.DebugWinRT|x64.Build.0 = DebugWinRT|x64
		{20179127-853B-4FE9-B7C0-9E817E6A3A72}.DebugWinRT|x86.ActiveCfg = DebugWinRT|Win32
		{20179127-853B-4FE9-B7C0-9E817E6A3A72}.DebugWinRT|x86.Build.0 = DebugWinRT|Win32
		{20179127-853B-4FE9-B7C0-9E817E6A3A72}.MinSizeRel|x64.ActiveCfg = DebugWinRT|x64
		{20179127-853B-4FE9-B7C0-9E817E6A3A72}.MinSizeRel|x64.Build.0 = DebugWinRT|x64
		{20179127-853B-4FE9-B7C0-9E817E6A3A72}.MinSizeRel|x86.ActiveCfg = Debug|Win32
		{20179127-853B-4FE9-B7C0-9E817E6A3A72}.MinSizeRel|x86.Build.0 = Debug|Win32
		{20179127-853B-4FE9-B7C0-9E817E6A3A72}.Release_10b|x64.ActiveCfg = Release_10b|x64
		{20179127-853B-4FE9-B7C0-9E817E6A3A72}.Release_10b|x64.Build.0 = Release_10b|x64
		{20179127-853B-4FE9-B7C0-9E817E6A3A72}.Release_10b|x86.ActiveCfg = Release_10b|Win32
		{20179127-853B-4FE9-B7C0-9E817E6A3A72}.Release_10b|x86.Build.0 = Release_10b|Win32
		{20179127-853B-4FE9-B7C0-9E817E6A3A72}.Release|x64.ActiveCfg = Release|x64
		{20179127-853B-4FE9-B7C0-9E817E6A3A72}.Release|x64.Build.0 = Release|x64
		{20179127-853B-4FE9-B7C0-9E817E6A3A72}.Release|x86.ActiveCfg = Release|Win32
		{20179127-853B-4FE9-B7C0-9E817E6A3A72}.Release|x86.Build.0 = Release|Win32
		{20179127-853B-4FE9-B7C0-9E817E6A3A72}.ReleaseDLL|x64.ActiveCfg = ReleaseDLL|x64
		{20179127-853B-4FE9-B7C0-9E817E6A3A72}.ReleaseDLL|x64.Build.0 = ReleaseDLL|x64
		{20179127-853B-4FE9-B7C0-9E817E6A3A72}.ReleaseDLL|x86.ActiveCfg = ReleaseDLL|Win32
		{20179127-853B-4FE9-B7C0-9E817E6A3A72}.ReleaseDLL|x86.Build.0 = ReleaseDLL|Win32
		{20179127-853B-4FE9-B7C0-9E817E6A3A72}.ReleaseDLLWinRT|x64.ActiveCfg = ReleaseDLLWinRT|x64
		{20179127-853B-4FE9-B7C0-9E817E6A3A72}.ReleaseDLLWinRT|x64.Build.0 = ReleaseDLLWinRT|x64
		{20179127-853B-4FE9-B7C0-9E817E6A3A72}.ReleaseDLLWinRT|x86.ActiveCfg = ReleaseDLLWinRT|Win32
		{20179127-853B-4FE9-B7C0-9E817E6A3A72}.ReleaseDLLWinRT|x86.Build.0 = ReleaseDLLWinRT|Win32
		{20179127-853B-4FE9-B7C0-9E817E6A3A72}.ReleaseWinRT|x64.ActiveCfg = ReleaseWinRT|x64
		{20179127-853B-4FE9-B7C0-9E817E6A3A72}.ReleaseWinRT|x64.Build.0 = ReleaseWinRT|x64
		{20179127-853B-4FE9-B7C0-9E817E6A3A72}.ReleaseWinRT|x86.ActiveCfg = ReleaseWinRT|Win32
		{20179127-853B-4FE9-B7C0-9E817E6A3A72}.ReleaseWinRT|x86.Build.0 = ReleaseWinRT|Win32
		{20179127-853B-4FE9-B7C0-9E817E6A3A72}.RelWithDebInfo|x64.ActiveCfg = ReleaseDLLWinRT|x64
		{20179127-853B-4FE9-B7C0-9E817E6A3A72}.RelWithDebInfo|x64.Build.0 = ReleaseDLLWinRT|x64
		{20179127-853B-4FE9-B7C0-9E817E6A3A72}.RelWithDebInfo|x86.ActiveCfg = ReleaseDLLWinRT|Win32
		{20179127-853B-4FE9-B7C0-9E817E6A3A72}.RelWithDebInfo|x86.Build.0 = ReleaseDLLWinRT|Win32
	EndGlobalSection
	GlobalSection(SolutionProperties) = preSolution
		HideSolutionNode = FALSE
	EndGlobalSection
	GlobalSection(ExtensibilityGlobals) = postSolution
		SolutionGuid = {CBF68468-F75A-40BE-863B-8CF20E5B5437}
	EndGlobalSection
EndGlobal
