
Microsoft Visual Studio Solution File, Format Version 12.00
# Visual Studio Version 16
VisualStudioVersion = 16.0.32126.315
MinimumVisualStudioVersion = 10.0.40219.1
Project("{8BC9CEB8-8B4A-11D0-8D11-00A0C91BC942}") = "windows_capture_test", "windows_capture_test.vcxproj", "{1F8339F3-6D3C-4448-9E03-8B2774ECE2E8}"
	ProjectSection(ProjectDependencies) = postProject
		{5DAF2744-064E-3C66-A13C-622C1D7492AC} = {5DAF2744-064E-3C66-A13C-622C1D7492AC}
	EndProjectSection
EndProject
Project("{8BC9CEB8-8B4A-11D0-8D11-00A0C91BC942}") = "yuv", "3rd\libyuv\build\yuv.vcxproj", "{5DAF2744-064E-3C66-A13C-622C1D7492AC}"
EndProject
Global
	GlobalSection(SolutionConfigurationPlatforms) = preSolution
		Debug|x64 = Debug|x64
		Debug|x86 = Debug|x86
		MinSizeRel|x64 = MinSizeRel|x64
		MinSizeRel|x86 = MinSizeRel|x86
		Release|x64 = Release|x64
		Release|x86 = Release|x86
		RelWithDebInfo|x64 = RelWithDebInfo|x64
		RelWithDebInfo|x86 = RelWithDebInfo|x86
	EndGlobalSection
	GlobalSection(ProjectConfigurationPlatforms) = postSolution
		{1F8339F3-6D3C-4448-9E03-8B2774ECE2E8}.Debug|x64.ActiveCfg = Debug|x64
		{1F8339F3-6D3C-4448-9E03-8B2774ECE2E8}.Debug|x64.Build.0 = Debug|x64
		{1F8339F3-6D3C-4448-9E03-8B2774ECE2E8}.Debug|x86.ActiveCfg = Debug|Win32
		{1F8339F3-6D3C-4448-9E03-8B2774ECE2E8}.Debug|x86.Build.0 = Debug|Win32
		{1F8339F3-6D3C-4448-9E03-8B2774ECE2E8}.MinSizeRel|x64.ActiveCfg = Release|x64
		{1F8339F3-6D3C-4448-9E03-8B2774ECE2E8}.MinSizeRel|x64.Build.0 = Release|x64
		{1F8339F3-6D3C-4448-9E03-8B2774ECE2E8}.MinSizeRel|x86.ActiveCfg = Release|Win32
		{1F8339F3-6D3C-4448-9E03-8B2774ECE2E8}.MinSizeRel|x86.Build.0 = Release|Win32
		{1F8339F3-6D3C-4448-9E03-8B2774ECE2E8}.Release|x64.ActiveCfg = Release|x64
		{1F8339F3-6D3C-4448-9E03-8B2774ECE2E8}.Release|x64.Build.0 = Release|x64
		{1F8339F3-6D3C-4448-9E03-8B2774ECE2E8}.Release|x86.ActiveCfg = Release|Win32
		{1F8339F3-6D3C-4448-9E03-8B2774ECE2E8}.Release|x86.Build.0 = Release|Win32
		{1F8339F3-6D3C-4448-9E03-8B2774ECE2E8}.RelWithDebInfo|x64.ActiveCfg = Release|x64
		{1F8339F3-6D3C-4448-9E03-8B2774ECE2E8}.RelWithDebInfo|x64.Build.0 = Release|x64
		{1F8339F3-6D3C-4448-9E03-8B2774ECE2E8}.RelWithDebInfo|x86.ActiveCfg = Release|Win32
		{1F8339F3-6D3C-4448-9E03-8B2774ECE2E8}.RelWithDebInfo|x86.Build.0 = Release|Win32
		{5DAF2744-064E-3C66-A13C-622C1D7492AC}.Debug|x64.ActiveCfg = Debug|x64
		{5DAF2744-064E-3C66-A13C-622C1D7492AC}.Debug|x64.Build.0 = Debug|x64
		{5DAF2744-064E-3C66-A13C-622C1D7492AC}.Debug|x86.ActiveCfg = Debug|x64
		{5DAF2744-064E-3C66-A13C-622C1D7492AC}.MinSizeRel|x64.ActiveCfg = MinSizeRel|x64
		{5DAF2744-064E-3C66-A13C-622C1D7492AC}.MinSizeRel|x64.Build.0 = MinSizeRel|x64
		{5DAF2744-064E-3C66-A13C-622C1D7492AC}.MinSizeRel|x86.ActiveCfg = MinSizeRel|x64
		{5DAF2744-064E-3C66-A13C-622C1D7492AC}.Release|x64.ActiveCfg = Release|x64
		{5DAF2744-064E-3C66-A13C-622C1D7492AC}.Release|x64.Build.0 = Release|x64
		{5DAF2744-064E-3C66-A13C-622C1D7492AC}.Release|x86.ActiveCfg = Release|x64
		{5DAF2744-064E-3C66-A13C-622C1D7492AC}.RelWithDebInfo|x64.ActiveCfg = RelWithDebInfo|x64
		{5DAF2744-064E-3C66-A13C-622C1D7492AC}.RelWithDebInfo|x64.Build.0 = RelWithDebInfo|x64
		{5DAF2744-064E-3C66-A13C-622C1D7492AC}.RelWithDebInfo|x86.ActiveCfg = RelWithDebInfo|x64
	EndGlobalSection
	GlobalSection(SolutionProperties) = preSolution
		HideSolutionNode = FALSE
	EndGlobalSection
	GlobalSection(ExtensibilityGlobals) = postSolution
		SolutionGuid = {CBF68468-F75A-40BE-863B-8CF20E5B5437}
	EndGlobalSection
EndGlobal
